
Microsoft Visual Studio Solution File, Format Version 12.00
# Visual Studio Version 17
VisualStudioVersion = 17.9.34701.34
MinimumVisualStudioVersion = 10.0.40219.1
Project("{9A19103F-16F7-4668-BE54-9A1E7A4F7556}") = "EntityBills", "EntityBills\EntityBills.csproj", "{D718F934-5391-4FF5-9C88-9D151480A77D}"
EndProject
Project("{FAE04EC0-301F-11D3-BF4B-00C04F79EFBC}") = "BlazorBills", "BlazorBills\BlazorBills.csproj", "{3E36CE86-DAB8-4AD5-BFBF-F3CE33D47148}"
EndProject
Global
	GlobalSection(SolutionConfigurationPlatforms) = preSolution
		Debug|Any CPU = Debug|Any CPU
		Release|Any CPU = Release|Any CPU
	EndGlobalSection
	GlobalSection(ProjectConfigurationPlatforms) = postSolution
		{D718F934-5391-4FF5-9C88-9D151480A77D}.Debug|Any CPU.ActiveCfg = Debug|Any CPU
		{D718F934-5391-4FF5-9C88-9D151480A77D}.Debug|Any CPU.Build.0 = Debug|Any CPU
		{D718F934-5391-4FF5-9C88-9D151480A77D}.Release|Any CPU.ActiveCfg = Release|Any CPU
		{D718F934-5391-4FF5-9C88-9D151480A77D}.Release|Any CPU.Build.0 = Release|Any CPU
		{3E36CE86-DAB8-4AD5-BFBF-F3CE33D47148}.Debug|Any CPU.ActiveCfg = Debug|Any CPU
		{3E36CE86-DAB8-4AD5-BFBF-F3CE33D47148}.Debug|Any CPU.Build.0 = Debug|Any CPU
		{3E36CE86-DAB8-4AD5-BFBF-F3CE33D47148}.Release|Any CPU.ActiveCfg = Release|Any CPU
		{3E36CE86-DAB8-4AD5-BFBF-F3CE33D47148}.Release|Any CPU.Build.0 = Release|Any CPU
	EndGlobalSection
	GlobalSection(SolutionProperties) = preSolution
		HideSolutionNode = FALSE
	EndGlobalSection
	GlobalSection(ExtensibilityGlobals) = postSolution
		SolutionGuid = {5B158BA5-F76E-4BF2-9C88-538CC173C532}
	EndGlobalSection
EndGlobal
